
Microsoft Visual Studio Solution File, Format Version 12.00
# Visual Studio Version 16
VisualStudioVersion = 16.0.30804.86
MinimumVisualStudioVersion = 10.0.40219.1
Project("{FAE04EC0-301F-11D3-BF4B-00C04F79EFBC}") = "Order-ms", "Order-ms\Order-ms.csproj", "{33B2CF31-EF03-4366-887E-4C814F89EF3D}"
EndProject
Project("{2150E333-8FDC-42A3-9474-1A3956D46DE8}") = "Common", "Common", "{385F3028-B50B-4D8F-944E-1B9EE2574E5E}"
EndProject
Project("{9A19103F-16F7-4668-BE54-9A1E7A4F7556}") = "rabbitmq", "..\Common\rabbitmq\rabbitmq\rabbitmq.csproj", "{EC88C85F-2E47-4148-A596-CCC814B55FDE}"
EndProject
Project("{9A19103F-16F7-4668-BE54-9A1E7A4F7556}") = "rabbitmq-message", "..\Common\rabbitmq-message\rabbitmq-message.csproj", "{96E56C33-094E-4D2E-A2D2-09075FC8D78B}"
EndProject
Global
	GlobalSection(SolutionConfigurationPlatforms) = preSolution
		Debug|Any CPU = Debug|Any CPU
		Release|Any CPU = Release|Any CPU
	EndGlobalSection
	GlobalSection(ProjectConfigurationPlatforms) = postSolution
		{33B2CF31-EF03-4366-887E-4C814F89EF3D}.Debug|Any CPU.ActiveCfg = Debug|Any CPU
		{33B2CF31-EF03-4366-887E-4C814F89EF3D}.Debug|Any CPU.Build.0 = Debug|Any CPU
		{33B2CF31-EF03-4366-887E-4C814F89EF3D}.Release|Any CPU.ActiveCfg = Release|Any CPU
		{33B2CF31-EF03-4366-887E-4C814F89EF3D}.Release|Any CPU.Build.0 = Release|Any CPU
		{EC88C85F-2E47-4148-A596-CCC814B55FDE}.Debug|Any CPU.ActiveCfg = Debug|Any CPU
		{EC88C85F-2E47-4148-A596-CCC814B55FDE}.Debug|Any CPU.Build.0 = Debug|Any CPU
		{EC88C85F-2E47-4148-A596-CCC814B55FDE}.Release|Any CPU.ActiveCfg = Release|Any CPU
		{EC88C85F-2E47-4148-A596-CCC814B55FDE}.Release|Any CPU.Build.0 = Release|Any CPU
		{96E56C33-094E-4D2E-A2D2-09075FC8D78B}.Debug|Any CPU.ActiveCfg = Debug|Any CPU
		{96E56C33-094E-4D2E-A2D2-09075FC8D78B}.Debug|Any CPU.Build.0 = Debug|Any CPU
		{96E56C33-094E-4D2E-A2D2-09075FC8D78B}.Release|Any CPU.ActiveCfg = Release|Any CPU
		{96E56C33-094E-4D2E-A2D2-09075FC8D78B}.Release|Any CPU.Build.0 = Release|Any CPU
	EndGlobalSection
	GlobalSection(SolutionProperties) = preSolution
		HideSolutionNode = FALSE
	EndGlobalSection
	GlobalSection(NestedProjects) = preSolution
		{EC88C85F-2E47-4148-A596-CCC814B55FDE} = {385F3028-B50B-4D8F-944E-1B9EE2574E5E}
		{96E56C33-094E-4D2E-A2D2-09075FC8D78B} = {385F3028-B50B-4D8F-944E-1B9EE2574E5E}
	EndGlobalSection
	GlobalSection(ExtensibilityGlobals) = postSolution
		SolutionGuid = {0E0E2BF6-9696-44BD-B2ED-E12302406890}
	EndGlobalSection
EndGlobal
